{
  "name": "ranvier-example-commands",
  "version": "1.0.0",
  "lockfileVersion": 1,
  "requires": true,
  "dependencies": {
    "humanize-duration": {
      "version": "3.24.0",
      "resolved": "https://registry.npmjs.org/humanize-duration/-/humanize-duration-3.24.0.tgz",
      "integrity": "sha512-B3udnqisaDeRsvUSb+5n2hjxhABI9jotB+i1IEhgHhguTeM5LxIUKoVIu7UpeyaPOygr/Fnv7UhOi45kYYG+tg=="
    }
  }
}
